
Microsoft Visual Studio Solution File, Format Version 12.00
# Visual Studio 2012
Project("{FAE04EC0-301F-11D3-BF4B-00C04F79EFBC}") = "RMS", "RMS\RMS.csproj", "{EDBFA168-283A-45FF-906E-7974039064F6}"
EndProject
Project("{FAE04EC0-301F-11D3-BF4B-00C04F79EFBC}") = "RMS.Data", "RMS.Data\RMS.Data.csproj", "{98032B8C-65FE-46E0-B6F6-8DF70BE90E25}"
EndProject
Project("{FAE04EC0-301F-11D3-BF4B-00C04F79EFBC}") = "RMS.Core", "RMS.Core\RMS.Core.csproj", "{557272CB-8CA0-446A-BF27-11267A09DF44}"
EndProject
Project("{FAE04EC0-301F-11D3-BF4B-00C04F79EFBC}") = "RMS.Core.Interfaces", "RMS.Core.Interfaces\RMS.Core.Interfaces.csproj", "{85D28972-76BA-453C-BA69-5BB68568A4E6}"
EndProject
Project("{FAE04EC0-301F-11D3-BF4B-00C04F79EFBC}") = "RMS.Data.Interfaces", "RMS.Data.Interfaces\RMS.Data.Interfaces.csproj", "{BDC9962F-6D9C-4049-8CF4-0CEE5952E71B}"
EndProject
Project("{FAE04EC0-301F-11D3-BF4B-00C04F79EFBC}") = "TM.Data", "TM.Data\TM.Data.csproj", "{17AA5837-C1EA-40AD-BBAA-492220403DC4}"
EndProject
Project("{FAE04EC0-301F-11D3-BF4B-00C04F79EFBC}") = "TM.Utilities", "TM.Utilities\TM.Utilities.csproj", "{2F15CF04-80F1-4BDB-B8FC-88AB248BFDC6}"
EndProject
Project("{FAE04EC0-301F-11D3-BF4B-00C04F79EFBC}") = "RMS.Core.Entities", "RMS.Core.Entities\RMS.Core.Entities.csproj", "{E26256DE-DE15-477F-93CE-B1D6B378C722}"
EndProject
Project("{FAE04EC0-301F-11D3-BF4B-00C04F79EFBC}") = "RMS.Autofac", "RMS.Autofac\RMS.Autofac.csproj", "{197A3BC0-89FB-4E5D-B7D8-BDBB5C3AE266}"
EndProject
Global
	GlobalSection(SubversionScc) = preSolution
		Svn-Managed = True
		Manager = AnkhSVN - Subversion Support for Visual Studio
	EndGlobalSection
	GlobalSection(SolutionConfigurationPlatforms) = preSolution
		Debug|Any CPU = Debug|Any CPU
		Release|Any CPU = Release|Any CPU
	EndGlobalSection
	GlobalSection(ProjectConfigurationPlatforms) = postSolution
		{EDBFA168-283A-45FF-906E-7974039064F6}.Debug|Any CPU.ActiveCfg = Debug|Any CPU
		{EDBFA168-283A-45FF-906E-7974039064F6}.Debug|Any CPU.Build.0 = Debug|Any CPU
		{EDBFA168-283A-45FF-906E-7974039064F6}.Release|Any CPU.ActiveCfg = Release|Any CPU
		{EDBFA168-283A-45FF-906E-7974039064F6}.Release|Any CPU.Build.0 = Release|Any CPU
		{98032B8C-65FE-46E0-B6F6-8DF70BE90E25}.Debug|Any CPU.ActiveCfg = Debug|Any CPU
		{98032B8C-65FE-46E0-B6F6-8DF70BE90E25}.Debug|Any CPU.Build.0 = Debug|Any CPU
		{98032B8C-65FE-46E0-B6F6-8DF70BE90E25}.Release|Any CPU.ActiveCfg = Release|Any CPU
		{98032B8C-65FE-46E0-B6F6-8DF70BE90E25}.Release|Any CPU.Build.0 = Release|Any CPU
		{557272CB-8CA0-446A-BF27-11267A09DF44}.Debug|Any CPU.ActiveCfg = Debug|Any CPU
		{557272CB-8CA0-446A-BF27-11267A09DF44}.Debug|Any CPU.Build.0 = Debug|Any CPU
		{557272CB-8CA0-446A-BF27-11267A09DF44}.Release|Any CPU.ActiveCfg = Release|Any CPU
		{557272CB-8CA0-446A-BF27-11267A09DF44}.Release|Any CPU.Build.0 = Release|Any CPU
		{85D28972-76BA-453C-BA69-5BB68568A4E6}.Debug|Any CPU.ActiveCfg = Debug|Any CPU
		{85D28972-76BA-453C-BA69-5BB68568A4E6}.Debug|Any CPU.Build.0 = Debug|Any CPU
		{85D28972-76BA-453C-BA69-5BB68568A4E6}.Release|Any CPU.ActiveCfg = Release|Any CPU
		{85D28972-76BA-453C-BA69-5BB68568A4E6}.Release|Any CPU.Build.0 = Release|Any CPU
		{BDC9962F-6D9C-4049-8CF4-0CEE5952E71B}.Debug|Any CPU.ActiveCfg = Debug|Any CPU
		{BDC9962F-6D9C-4049-8CF4-0CEE5952E71B}.Debug|Any CPU.Build.0 = Debug|Any CPU
		{BDC9962F-6D9C-4049-8CF4-0CEE5952E71B}.Release|Any CPU.ActiveCfg = Release|Any CPU
		{BDC9962F-6D9C-4049-8CF4-0CEE5952E71B}.Release|Any CPU.Build.0 = Release|Any CPU
		{17AA5837-C1EA-40AD-BBAA-492220403DC4}.Debug|Any CPU.ActiveCfg = Debug|Any CPU
		{17AA5837-C1EA-40AD-BBAA-492220403DC4}.Debug|Any CPU.Build.0 = Debug|Any CPU
		{17AA5837-C1EA-40AD-BBAA-492220403DC4}.Release|Any CPU.ActiveCfg = Release|Any CPU
		{17AA5837-C1EA-40AD-BBAA-492220403DC4}.Release|Any CPU.Build.0 = Release|Any CPU
		{2F15CF04-80F1-4BDB-B8FC-88AB248BFDC6}.Debug|Any CPU.ActiveCfg = Debug|Any CPU
		{2F15CF04-80F1-4BDB-B8FC-88AB248BFDC6}.Debug|Any CPU.Build.0 = Debug|Any CPU
		{2F15CF04-80F1-4BDB-B8FC-88AB248BFDC6}.Release|Any CPU.ActiveCfg = Release|Any CPU
		{2F15CF04-80F1-4BDB-B8FC-88AB248BFDC6}.Release|Any CPU.Build.0 = Release|Any CPU
		{E26256DE-DE15-477F-93CE-B1D6B378C722}.Debug|Any CPU.ActiveCfg = Debug|Any CPU
		{E26256DE-DE15-477F-93CE-B1D6B378C722}.Debug|Any CPU.Build.0 = Debug|Any CPU
		{E26256DE-DE15-477F-93CE-B1D6B378C722}.Release|Any CPU.ActiveCfg = Release|Any CPU
		{E26256DE-DE15-477F-93CE-B1D6B378C722}.Release|Any CPU.Build.0 = Release|Any CPU
		{197A3BC0-89FB-4E5D-B7D8-BDBB5C3AE266}.Debug|Any CPU.ActiveCfg = Debug|Any CPU
		{197A3BC0-89FB-4E5D-B7D8-BDBB5C3AE266}.Debug|Any CPU.Build.0 = Debug|Any CPU
		{197A3BC0-89FB-4E5D-B7D8-BDBB5C3AE266}.Release|Any CPU.ActiveCfg = Release|Any CPU
		{197A3BC0-89FB-4E5D-B7D8-BDBB5C3AE266}.Release|Any CPU.Build.0 = Release|Any CPU
	EndGlobalSection
	GlobalSection(SolutionProperties) = preSolution
		HideSolutionNode = FALSE
	EndGlobalSection
	GlobalSection(ExtensibilityGlobals) = postSolution
		EnterpriseLibraryConfigurationToolBinariesPathV6 = packages\EnterpriseLibrary.Common.6.0.1304.0\lib\NET45;packages\EnterpriseLibrary.Data.6.0.1304.0\lib\NET45;packages\EnterpriseLibrary.Validation.6.0.1304.0\lib\NET45;packages\EnterpriseLibrary.ExceptionHandling.6.0.1304.0\lib\NET45;packages\EnterpriseLibrary.Logging.6.0.1304.0\lib\NET45
	EndGlobalSection
EndGlobal
