
Microsoft Visual Studio Solution File, Format Version 11.00
# Visual Studio 2010
Project("{2150E333-8FDC-42A3-9474-1A3956D46DE8}") = "Common", "Common", "{2484AA0B-5D6B-4E67-8F2C-9535C5FD7DB1}"
EndProject
Project("{FAE04EC0-301F-11D3-BF4B-00C04F79EFBC}") = "TM", "TM\TM.csproj", "{10CBAE8F-9079-4D41-984E-855EB6217AE8}"
EndProject
Project("{2150E333-8FDC-42A3-9474-1A3956D46DE8}") = "Infra", "Infra", "{57D440BE-8D44-478B-B27E-8DCCF77BD799}"
EndProject
Project("{FAE04EC0-301F-11D3-BF4B-00C04F79EFBC}") = "TM.Infrastucture.UI", "TM.Infrastucture.UI\TM.Infrastucture.UI.csproj", "{26B3963C-59C7-49B0-81D8-99ACD2878155}"
EndProject
Project("{2150E333-8FDC-42A3-9474-1A3956D46DE8}") = "Services", "Services", "{910E61A1-97E6-47D0-AFCA-6963A18D8C32}"
EndProject
Project("{FAE04EC0-301F-11D3-BF4B-00C04F79EFBC}") = "TM.Infrastructure.Entities", "TM.Infrastructure.Entities\TM.Infrastructure.Entities.csproj", "{E2C07320-D67D-4740-B78D-5846C4883C1D}"
EndProject
Project("{FAE04EC0-301F-11D3-BF4B-00C04F79EFBC}") = "TM.CoreServices", "TM.CoreServices\TM.CoreServices.csproj", "{1564001A-C65B-45EA-86B7-7EFD90922AB6}"
EndProject
Project("{FAE04EC0-301F-11D3-BF4B-00C04F79EFBC}") = "TM.CoreServices.Contracts", "TM.CoreServices.Contracts\TM.CoreServices.Contracts.csproj", "{949EF691-86FF-444A-AAB8-F771B0735BCA}"
EndProject
Project("{FAE04EC0-301F-11D3-BF4B-00C04F79EFBC}") = "TM.DataContracts", "TM.DataContracts\TM.DataContracts.csproj", "{27653601-FB75-43D4-A336-9AB6A563D52A}"
EndProject
Project("{FAE04EC0-301F-11D3-BF4B-00C04F79EFBC}") = "TM.Helpers", "TM.Helpers\TM.Helpers.csproj", "{876438E8-C5BC-4320-9377-1B1BE6C928B1}"
EndProject
Project("{2150E333-8FDC-42A3-9474-1A3956D46DE8}") = "Framework", "Framework", "{203A6D86-4F8D-4BCD-9776-DA70137B8FF6}"
EndProject
Project("{FAE04EC0-301F-11D3-BF4B-00C04F79EFBC}") = "TM.Framework.NHibernate", "TM.Framework.NHibernate\TM.Framework.NHibernate.csproj", "{58E635A2-CF5B-4FCE-874A-8EE1FD0D7219}"
EndProject
Project("{FAE04EC0-301F-11D3-BF4B-00C04F79EFBC}") = "TM.Interfaces", "TM.Interfaces\TM.Interfaces.csproj", "{F4D25DF2-95C1-4F25-A3ED-32B0F7E30871}"
EndProject
Project("{FAE04EC0-301F-11D3-BF4B-00C04F79EFBC}") = "TM.Infrastructure.Data", "TM.Infrastructure.Data\TM.Infrastructure.Data.csproj", "{F9DA3CD4-25EE-4136-AADE-90152A6435EE}"
EndProject
Project("{2150E333-8FDC-42A3-9474-1A3956D46DE8}") = "Test", "Test", "{818D6B83-C7F5-4CD2-B691-B613058F7C6A}"
EndProject
Project("{FAE04EC0-301F-11D3-BF4B-00C04F79EFBC}") = "UnitTest", "UnitTest\UnitTest.csproj", "{BE99FF02-1D51-4D5E-A9A9-44FF06180D4E}"
EndProject
Project("{2150E333-8FDC-42A3-9474-1A3956D46DE8}") = "Solution Items", "Solution Items", "{B5B63F6D-88C5-4C8A-BCE1-DD9F6173A963}"
	ProjectSection(SolutionItems) = preProject
		Local.testsettings = Local.testsettings
		ShopManagement.vsmdi = ShopManagement.vsmdi
		TraceAndTestImpact.testsettings = TraceAndTestImpact.testsettings
	EndProjectSection
EndProject
Project("{FAE04EC0-301F-11D3-BF4B-00C04F79EFBC}") = "TM.Framework", "TM.Framework\TM.Framework.csproj", "{E5714AEA-1E4B-457B-A107-AE783C32E20F}"
EndProject
Project("{2150E333-8FDC-42A3-9474-1A3956D46DE8}") = "Presentation", "Presentation", "{F883F57B-A167-43C6-888D-EB4EA693A9ED}"
EndProject
Project("{FAE04EC0-301F-11D3-BF4B-00C04F79EFBC}") = "ShopManagement", "ShopManagement\ShopManagement.csproj", "{E9825149-261F-4CA6-B4B9-672D8642E9E0}"
EndProject
Project("{2150E333-8FDC-42A3-9474-1A3956D46DE8}") = "Modules", "Modules", "{47875D47-C9C4-4C21-9A12-C06600FB23CE}"
EndProject
Project("{FAE04EC0-301F-11D3-BF4B-00C04F79EFBC}") = "Test3", "ShopManagement\Areas\Test3\Test3.csproj", "{D1B7AF98-4BD4-4D64-8C9F-080D95A08808}"
EndProject
Global
	GlobalSection(TestCaseManagementSettings) = postSolution
		CategoryFile = ShopManagement.vsmdi
	EndGlobalSection
	GlobalSection(SolutionConfigurationPlatforms) = preSolution
		Debug|Any CPU = Debug|Any CPU
		Release|Any CPU = Release|Any CPU
	EndGlobalSection
	GlobalSection(ProjectConfigurationPlatforms) = postSolution
		{10CBAE8F-9079-4D41-984E-855EB6217AE8}.Debug|Any CPU.ActiveCfg = Debug|Any CPU
		{10CBAE8F-9079-4D41-984E-855EB6217AE8}.Debug|Any CPU.Build.0 = Debug|Any CPU
		{10CBAE8F-9079-4D41-984E-855EB6217AE8}.Release|Any CPU.ActiveCfg = Release|Any CPU
		{10CBAE8F-9079-4D41-984E-855EB6217AE8}.Release|Any CPU.Build.0 = Release|Any CPU
		{26B3963C-59C7-49B0-81D8-99ACD2878155}.Debug|Any CPU.ActiveCfg = Debug|Any CPU
		{26B3963C-59C7-49B0-81D8-99ACD2878155}.Debug|Any CPU.Build.0 = Debug|Any CPU
		{26B3963C-59C7-49B0-81D8-99ACD2878155}.Release|Any CPU.ActiveCfg = Release|Any CPU
		{26B3963C-59C7-49B0-81D8-99ACD2878155}.Release|Any CPU.Build.0 = Release|Any CPU
		{E2C07320-D67D-4740-B78D-5846C4883C1D}.Debug|Any CPU.ActiveCfg = Debug|Any CPU
		{E2C07320-D67D-4740-B78D-5846C4883C1D}.Debug|Any CPU.Build.0 = Debug|Any CPU
		{E2C07320-D67D-4740-B78D-5846C4883C1D}.Release|Any CPU.ActiveCfg = Release|Any CPU
		{E2C07320-D67D-4740-B78D-5846C4883C1D}.Release|Any CPU.Build.0 = Release|Any CPU
		{1564001A-C65B-45EA-86B7-7EFD90922AB6}.Debug|Any CPU.ActiveCfg = Debug|Any CPU
		{1564001A-C65B-45EA-86B7-7EFD90922AB6}.Debug|Any CPU.Build.0 = Debug|Any CPU
		{1564001A-C65B-45EA-86B7-7EFD90922AB6}.Release|Any CPU.ActiveCfg = Release|Any CPU
		{1564001A-C65B-45EA-86B7-7EFD90922AB6}.Release|Any CPU.Build.0 = Release|Any CPU
		{949EF691-86FF-444A-AAB8-F771B0735BCA}.Debug|Any CPU.ActiveCfg = Debug|Any CPU
		{949EF691-86FF-444A-AAB8-F771B0735BCA}.Debug|Any CPU.Build.0 = Debug|Any CPU
		{949EF691-86FF-444A-AAB8-F771B0735BCA}.Release|Any CPU.ActiveCfg = Release|Any CPU
		{949EF691-86FF-444A-AAB8-F771B0735BCA}.Release|Any CPU.Build.0 = Release|Any CPU
		{27653601-FB75-43D4-A336-9AB6A563D52A}.Debug|Any CPU.ActiveCfg = Debug|Any CPU
		{27653601-FB75-43D4-A336-9AB6A563D52A}.Debug|Any CPU.Build.0 = Debug|Any CPU
		{27653601-FB75-43D4-A336-9AB6A563D52A}.Release|Any CPU.ActiveCfg = Release|Any CPU
		{27653601-FB75-43D4-A336-9AB6A563D52A}.Release|Any CPU.Build.0 = Release|Any CPU
		{876438E8-C5BC-4320-9377-1B1BE6C928B1}.Debug|Any CPU.ActiveCfg = Debug|Any CPU
		{876438E8-C5BC-4320-9377-1B1BE6C928B1}.Debug|Any CPU.Build.0 = Debug|Any CPU
		{876438E8-C5BC-4320-9377-1B1BE6C928B1}.Release|Any CPU.ActiveCfg = Release|Any CPU
		{876438E8-C5BC-4320-9377-1B1BE6C928B1}.Release|Any CPU.Build.0 = Release|Any CPU
		{58E635A2-CF5B-4FCE-874A-8EE1FD0D7219}.Debug|Any CPU.ActiveCfg = Debug|Any CPU
		{58E635A2-CF5B-4FCE-874A-8EE1FD0D7219}.Debug|Any CPU.Build.0 = Debug|Any CPU
		{58E635A2-CF5B-4FCE-874A-8EE1FD0D7219}.Release|Any CPU.ActiveCfg = Release|Any CPU
		{58E635A2-CF5B-4FCE-874A-8EE1FD0D7219}.Release|Any CPU.Build.0 = Release|Any CPU
		{F4D25DF2-95C1-4F25-A3ED-32B0F7E30871}.Debug|Any CPU.ActiveCfg = Debug|Any CPU
		{F4D25DF2-95C1-4F25-A3ED-32B0F7E30871}.Debug|Any CPU.Build.0 = Debug|Any CPU
		{F4D25DF2-95C1-4F25-A3ED-32B0F7E30871}.Release|Any CPU.ActiveCfg = Release|Any CPU
		{F4D25DF2-95C1-4F25-A3ED-32B0F7E30871}.Release|Any CPU.Build.0 = Release|Any CPU
		{F9DA3CD4-25EE-4136-AADE-90152A6435EE}.Debug|Any CPU.ActiveCfg = Debug|Any CPU
		{F9DA3CD4-25EE-4136-AADE-90152A6435EE}.Debug|Any CPU.Build.0 = Debug|Any CPU
		{F9DA3CD4-25EE-4136-AADE-90152A6435EE}.Release|Any CPU.ActiveCfg = Release|Any CPU
		{F9DA3CD4-25EE-4136-AADE-90152A6435EE}.Release|Any CPU.Build.0 = Release|Any CPU
		{BE99FF02-1D51-4D5E-A9A9-44FF06180D4E}.Debug|Any CPU.ActiveCfg = Debug|Any CPU
		{BE99FF02-1D51-4D5E-A9A9-44FF06180D4E}.Debug|Any CPU.Build.0 = Debug|Any CPU
		{BE99FF02-1D51-4D5E-A9A9-44FF06180D4E}.Release|Any CPU.ActiveCfg = Release|Any CPU
		{BE99FF02-1D51-4D5E-A9A9-44FF06180D4E}.Release|Any CPU.Build.0 = Release|Any CPU
		{E5714AEA-1E4B-457B-A107-AE783C32E20F}.Debug|Any CPU.ActiveCfg = Debug|Any CPU
		{E5714AEA-1E4B-457B-A107-AE783C32E20F}.Debug|Any CPU.Build.0 = Debug|Any CPU
		{E5714AEA-1E4B-457B-A107-AE783C32E20F}.Release|Any CPU.ActiveCfg = Release|Any CPU
		{E5714AEA-1E4B-457B-A107-AE783C32E20F}.Release|Any CPU.Build.0 = Release|Any CPU
		{E9825149-261F-4CA6-B4B9-672D8642E9E0}.Debug|Any CPU.ActiveCfg = Debug|Any CPU
		{E9825149-261F-4CA6-B4B9-672D8642E9E0}.Debug|Any CPU.Build.0 = Debug|Any CPU
		{E9825149-261F-4CA6-B4B9-672D8642E9E0}.Release|Any CPU.ActiveCfg = Release|Any CPU
		{E9825149-261F-4CA6-B4B9-672D8642E9E0}.Release|Any CPU.Build.0 = Release|Any CPU
		{D1B7AF98-4BD4-4D64-8C9F-080D95A08808}.Debug|Any CPU.ActiveCfg = Debug|Any CPU
		{D1B7AF98-4BD4-4D64-8C9F-080D95A08808}.Debug|Any CPU.Build.0 = Debug|Any CPU
		{D1B7AF98-4BD4-4D64-8C9F-080D95A08808}.Release|Any CPU.ActiveCfg = Release|Any CPU
		{D1B7AF98-4BD4-4D64-8C9F-080D95A08808}.Release|Any CPU.Build.0 = Release|Any CPU
	EndGlobalSection
	GlobalSection(SolutionProperties) = preSolution
		HideSolutionNode = FALSE
	EndGlobalSection
	GlobalSection(NestedProjects) = preSolution
		{10CBAE8F-9079-4D41-984E-855EB6217AE8} = {2484AA0B-5D6B-4E67-8F2C-9535C5FD7DB1}
		{876438E8-C5BC-4320-9377-1B1BE6C928B1} = {2484AA0B-5D6B-4E67-8F2C-9535C5FD7DB1}
		{F4D25DF2-95C1-4F25-A3ED-32B0F7E30871} = {2484AA0B-5D6B-4E67-8F2C-9535C5FD7DB1}
		{26B3963C-59C7-49B0-81D8-99ACD2878155} = {57D440BE-8D44-478B-B27E-8DCCF77BD799}
		{E2C07320-D67D-4740-B78D-5846C4883C1D} = {57D440BE-8D44-478B-B27E-8DCCF77BD799}
		{F9DA3CD4-25EE-4136-AADE-90152A6435EE} = {57D440BE-8D44-478B-B27E-8DCCF77BD799}
		{1564001A-C65B-45EA-86B7-7EFD90922AB6} = {910E61A1-97E6-47D0-AFCA-6963A18D8C32}
		{949EF691-86FF-444A-AAB8-F771B0735BCA} = {910E61A1-97E6-47D0-AFCA-6963A18D8C32}
		{27653601-FB75-43D4-A336-9AB6A563D52A} = {910E61A1-97E6-47D0-AFCA-6963A18D8C32}
		{58E635A2-CF5B-4FCE-874A-8EE1FD0D7219} = {203A6D86-4F8D-4BCD-9776-DA70137B8FF6}
		{E5714AEA-1E4B-457B-A107-AE783C32E20F} = {203A6D86-4F8D-4BCD-9776-DA70137B8FF6}
		{BE99FF02-1D51-4D5E-A9A9-44FF06180D4E} = {818D6B83-C7F5-4CD2-B691-B613058F7C6A}
		{B5B63F6D-88C5-4C8A-BCE1-DD9F6173A963} = {818D6B83-C7F5-4CD2-B691-B613058F7C6A}
		{E9825149-261F-4CA6-B4B9-672D8642E9E0} = {F883F57B-A167-43C6-888D-EB4EA693A9ED}
		{47875D47-C9C4-4C21-9A12-C06600FB23CE} = {F883F57B-A167-43C6-888D-EB4EA693A9ED}
		{D1B7AF98-4BD4-4D64-8C9F-080D95A08808} = {47875D47-C9C4-4C21-9A12-C06600FB23CE}
	EndGlobalSection
EndGlobal
