
Microsoft Visual Studio Solution File, Format Version 11.00
# Visual Studio 2010
Project("{2150E333-8FDC-42A3-9474-1A3956D46DE8}") = "Common", "Common", "{2484AA0B-5D6B-4E67-8F2C-9535C5FD7DB1}"
EndProject
Project("{FAE04EC0-301F-11D3-BF4B-00C04F79EFBC}") = "TM", "TM\TM.csproj", "{10CBAE8F-9079-4D41-984E-855EB6217AE8}"
EndProject
Project("{2150E333-8FDC-42A3-9474-1A3956D46DE8}") = "Infra", "Infra", "{57D440BE-8D44-478B-B27E-8DCCF77BD799}"
EndProject
Project("{FAE04EC0-301F-11D3-BF4B-00C04F79EFBC}") = "TM.Infrastucture.UI", "TM.Infrastucture.UI\TM.Infrastucture.UI.csproj", "{26B3963C-59C7-49B0-81D8-99ACD2878155}"
EndProject
Project("{2150E333-8FDC-42A3-9474-1A3956D46DE8}") = "Services", "Services", "{910E61A1-97E6-47D0-AFCA-6963A18D8C32}"
EndProject
Project("{FAE04EC0-301F-11D3-BF4B-00C04F79EFBC}") = "TM.Infrastructure.Entities", "TM.Infrastructure.Entities\TM.Infrastructure.Entities.csproj", "{E2C07320-D67D-4740-B78D-5846C4883C1D}"
EndProject
Project("{FAE04EC0-301F-11D3-BF4B-00C04F79EFBC}") = "TM.Interfaces.BusinessServices", "TM.Interfaces.BusinessServices\TM.Interfaces.BusinessServices.csproj", "{4215395E-A8F0-4EE8-A29F-D0697EE6F397}"
EndProject
Project("{FAE04EC0-301F-11D3-BF4B-00C04F79EFBC}") = "TM.CoreServices", "TM.CoreServices\TM.CoreServices.csproj", "{1564001A-C65B-45EA-86B7-7EFD90922AB6}"
EndProject
Project("{FAE04EC0-301F-11D3-BF4B-00C04F79EFBC}") = "TM.CoreServices.Contracts", "TM.CoreServices.Contracts\TM.CoreServices.Contracts.csproj", "{949EF691-86FF-444A-AAB8-F771B0735BCA}"
EndProject
Project("{FAE04EC0-301F-11D3-BF4B-00C04F79EFBC}") = "TM.DataContracts", "TM.DataContracts\TM.DataContracts.csproj", "{27653601-FB75-43D4-A336-9AB6A563D52A}"
EndProject
Project("{FAE04EC0-301F-11D3-BF4B-00C04F79EFBC}") = "TM.Helpers", "TM.Helpers\TM.Helpers.csproj", "{876438E8-C5BC-4320-9377-1B1BE6C928B1}"
EndProject
Project("{FAE04EC0-301F-11D3-BF4B-00C04F79EFBC}") = "TM.Interfaces.ApplicationServices", "TM.Interfaces.ApplicationServices\TM.Interfaces.ApplicationServices.csproj", "{61EB2A94-4885-49A8-8922-672E4DB0A78F}"
EndProject
Project("{FAE04EC0-301F-11D3-BF4B-00C04F79EFBC}") = "TM.Interfaces.Repositories", "TM.Interfaces.Repositories\TM.Interfaces.Repositories.csproj", "{0A6240E2-F0B0-425D-AC7B-161111AE796D}"
EndProject
Project("{FAE04EC0-301F-11D3-BF4B-00C04F79EFBC}") = "TM.Infrastucture.Data.ApplicationServices", "TM.Infrastucture.Data.ApplicationServices\TM.Infrastucture.Data.ApplicationServices.csproj", "{ABB1AE1A-EBDD-4A07-A4A6-95698EC35EA7}"
EndProject
Project("{FAE04EC0-301F-11D3-BF4B-00C04F79EFBC}") = "TM.Infrastucture.Data.BusinessServices", "TM.Infrastucture.Data.BusinessServices\TM.Infrastucture.Data.BusinessServices.csproj", "{B7F0FD7E-029E-402C-AF20-DEACD0E8F642}"
EndProject
Project("{FAE04EC0-301F-11D3-BF4B-00C04F79EFBC}") = "TM.Infrastucture.Data.Repositories", "TM.Infrastucture.Data.Repositories\TM.Infrastucture.Data.Repositories.csproj", "{F0713B1C-3CD2-46E0-95F8-71569CB037EF}"
EndProject
Project("{2150E333-8FDC-42A3-9474-1A3956D46DE8}") = "Framework", "Framework", "{203A6D86-4F8D-4BCD-9776-DA70137B8FF6}"
EndProject
Project("{FAE04EC0-301F-11D3-BF4B-00C04F79EFBC}") = "TM.Framework.NHibernate", "TM.Framework.NHibernate\TM.Framework.NHibernate.csproj", "{58E635A2-CF5B-4FCE-874A-8EE1FD0D7219}"
EndProject
Global
	GlobalSection(SolutionConfigurationPlatforms) = preSolution
		Debug|Any CPU = Debug|Any CPU
		Release|Any CPU = Release|Any CPU
	EndGlobalSection
	GlobalSection(ProjectConfigurationPlatforms) = postSolution
		{10CBAE8F-9079-4D41-984E-855EB6217AE8}.Debug|Any CPU.ActiveCfg = Debug|Any CPU
		{10CBAE8F-9079-4D41-984E-855EB6217AE8}.Debug|Any CPU.Build.0 = Debug|Any CPU
		{10CBAE8F-9079-4D41-984E-855EB6217AE8}.Release|Any CPU.ActiveCfg = Release|Any CPU
		{10CBAE8F-9079-4D41-984E-855EB6217AE8}.Release|Any CPU.Build.0 = Release|Any CPU
		{26B3963C-59C7-49B0-81D8-99ACD2878155}.Debug|Any CPU.ActiveCfg = Debug|Any CPU
		{26B3963C-59C7-49B0-81D8-99ACD2878155}.Debug|Any CPU.Build.0 = Debug|Any CPU
		{26B3963C-59C7-49B0-81D8-99ACD2878155}.Release|Any CPU.ActiveCfg = Release|Any CPU
		{26B3963C-59C7-49B0-81D8-99ACD2878155}.Release|Any CPU.Build.0 = Release|Any CPU
		{E2C07320-D67D-4740-B78D-5846C4883C1D}.Debug|Any CPU.ActiveCfg = Debug|Any CPU
		{E2C07320-D67D-4740-B78D-5846C4883C1D}.Debug|Any CPU.Build.0 = Debug|Any CPU
		{E2C07320-D67D-4740-B78D-5846C4883C1D}.Release|Any CPU.ActiveCfg = Release|Any CPU
		{E2C07320-D67D-4740-B78D-5846C4883C1D}.Release|Any CPU.Build.0 = Release|Any CPU
		{4215395E-A8F0-4EE8-A29F-D0697EE6F397}.Debug|Any CPU.ActiveCfg = Debug|Any CPU
		{4215395E-A8F0-4EE8-A29F-D0697EE6F397}.Debug|Any CPU.Build.0 = Debug|Any CPU
		{4215395E-A8F0-4EE8-A29F-D0697EE6F397}.Release|Any CPU.ActiveCfg = Release|Any CPU
		{4215395E-A8F0-4EE8-A29F-D0697EE6F397}.Release|Any CPU.Build.0 = Release|Any CPU
		{1564001A-C65B-45EA-86B7-7EFD90922AB6}.Debug|Any CPU.ActiveCfg = Debug|Any CPU
		{1564001A-C65B-45EA-86B7-7EFD90922AB6}.Debug|Any CPU.Build.0 = Debug|Any CPU
		{1564001A-C65B-45EA-86B7-7EFD90922AB6}.Release|Any CPU.ActiveCfg = Release|Any CPU
		{1564001A-C65B-45EA-86B7-7EFD90922AB6}.Release|Any CPU.Build.0 = Release|Any CPU
		{949EF691-86FF-444A-AAB8-F771B0735BCA}.Debug|Any CPU.ActiveCfg = Debug|Any CPU
		{949EF691-86FF-444A-AAB8-F771B0735BCA}.Debug|Any CPU.Build.0 = Debug|Any CPU
		{949EF691-86FF-444A-AAB8-F771B0735BCA}.Release|Any CPU.ActiveCfg = Release|Any CPU
		{949EF691-86FF-444A-AAB8-F771B0735BCA}.Release|Any CPU.Build.0 = Release|Any CPU
		{27653601-FB75-43D4-A336-9AB6A563D52A}.Debug|Any CPU.ActiveCfg = Debug|Any CPU
		{27653601-FB75-43D4-A336-9AB6A563D52A}.Debug|Any CPU.Build.0 = Debug|Any CPU
		{27653601-FB75-43D4-A336-9AB6A563D52A}.Release|Any CPU.ActiveCfg = Release|Any CPU
		{27653601-FB75-43D4-A336-9AB6A563D52A}.Release|Any CPU.Build.0 = Release|Any CPU
		{876438E8-C5BC-4320-9377-1B1BE6C928B1}.Debug|Any CPU.ActiveCfg = Debug|Any CPU
		{876438E8-C5BC-4320-9377-1B1BE6C928B1}.Debug|Any CPU.Build.0 = Debug|Any CPU
		{876438E8-C5BC-4320-9377-1B1BE6C928B1}.Release|Any CPU.ActiveCfg = Release|Any CPU
		{876438E8-C5BC-4320-9377-1B1BE6C928B1}.Release|Any CPU.Build.0 = Release|Any CPU
		{61EB2A94-4885-49A8-8922-672E4DB0A78F}.Debug|Any CPU.ActiveCfg = Debug|Any CPU
		{61EB2A94-4885-49A8-8922-672E4DB0A78F}.Debug|Any CPU.Build.0 = Debug|Any CPU
		{61EB2A94-4885-49A8-8922-672E4DB0A78F}.Release|Any CPU.ActiveCfg = Release|Any CPU
		{61EB2A94-4885-49A8-8922-672E4DB0A78F}.Release|Any CPU.Build.0 = Release|Any CPU
		{0A6240E2-F0B0-425D-AC7B-161111AE796D}.Debug|Any CPU.ActiveCfg = Debug|Any CPU
		{0A6240E2-F0B0-425D-AC7B-161111AE796D}.Debug|Any CPU.Build.0 = Debug|Any CPU
		{0A6240E2-F0B0-425D-AC7B-161111AE796D}.Release|Any CPU.ActiveCfg = Release|Any CPU
		{0A6240E2-F0B0-425D-AC7B-161111AE796D}.Release|Any CPU.Build.0 = Release|Any CPU
		{ABB1AE1A-EBDD-4A07-A4A6-95698EC35EA7}.Debug|Any CPU.ActiveCfg = Debug|Any CPU
		{ABB1AE1A-EBDD-4A07-A4A6-95698EC35EA7}.Debug|Any CPU.Build.0 = Debug|Any CPU
		{ABB1AE1A-EBDD-4A07-A4A6-95698EC35EA7}.Release|Any CPU.ActiveCfg = Release|Any CPU
		{ABB1AE1A-EBDD-4A07-A4A6-95698EC35EA7}.Release|Any CPU.Build.0 = Release|Any CPU
		{B7F0FD7E-029E-402C-AF20-DEACD0E8F642}.Debug|Any CPU.ActiveCfg = Debug|Any CPU
		{B7F0FD7E-029E-402C-AF20-DEACD0E8F642}.Debug|Any CPU.Build.0 = Debug|Any CPU
		{B7F0FD7E-029E-402C-AF20-DEACD0E8F642}.Release|Any CPU.ActiveCfg = Release|Any CPU
		{B7F0FD7E-029E-402C-AF20-DEACD0E8F642}.Release|Any CPU.Build.0 = Release|Any CPU
		{F0713B1C-3CD2-46E0-95F8-71569CB037EF}.Debug|Any CPU.ActiveCfg = Debug|Any CPU
		{F0713B1C-3CD2-46E0-95F8-71569CB037EF}.Debug|Any CPU.Build.0 = Debug|Any CPU
		{F0713B1C-3CD2-46E0-95F8-71569CB037EF}.Release|Any CPU.ActiveCfg = Release|Any CPU
		{F0713B1C-3CD2-46E0-95F8-71569CB037EF}.Release|Any CPU.Build.0 = Release|Any CPU
		{58E635A2-CF5B-4FCE-874A-8EE1FD0D7219}.Debug|Any CPU.ActiveCfg = Debug|Any CPU
		{58E635A2-CF5B-4FCE-874A-8EE1FD0D7219}.Debug|Any CPU.Build.0 = Debug|Any CPU
		{58E635A2-CF5B-4FCE-874A-8EE1FD0D7219}.Release|Any CPU.ActiveCfg = Release|Any CPU
		{58E635A2-CF5B-4FCE-874A-8EE1FD0D7219}.Release|Any CPU.Build.0 = Release|Any CPU
	EndGlobalSection
	GlobalSection(SolutionProperties) = preSolution
		HideSolutionNode = FALSE
	EndGlobalSection
	GlobalSection(NestedProjects) = preSolution
		{10CBAE8F-9079-4D41-984E-855EB6217AE8} = {2484AA0B-5D6B-4E67-8F2C-9535C5FD7DB1}
		{4215395E-A8F0-4EE8-A29F-D0697EE6F397} = {2484AA0B-5D6B-4E67-8F2C-9535C5FD7DB1}
		{876438E8-C5BC-4320-9377-1B1BE6C928B1} = {2484AA0B-5D6B-4E67-8F2C-9535C5FD7DB1}
		{61EB2A94-4885-49A8-8922-672E4DB0A78F} = {2484AA0B-5D6B-4E67-8F2C-9535C5FD7DB1}
		{0A6240E2-F0B0-425D-AC7B-161111AE796D} = {2484AA0B-5D6B-4E67-8F2C-9535C5FD7DB1}
		{26B3963C-59C7-49B0-81D8-99ACD2878155} = {57D440BE-8D44-478B-B27E-8DCCF77BD799}
		{E2C07320-D67D-4740-B78D-5846C4883C1D} = {57D440BE-8D44-478B-B27E-8DCCF77BD799}
		{ABB1AE1A-EBDD-4A07-A4A6-95698EC35EA7} = {57D440BE-8D44-478B-B27E-8DCCF77BD799}
		{B7F0FD7E-029E-402C-AF20-DEACD0E8F642} = {57D440BE-8D44-478B-B27E-8DCCF77BD799}
		{F0713B1C-3CD2-46E0-95F8-71569CB037EF} = {57D440BE-8D44-478B-B27E-8DCCF77BD799}
		{1564001A-C65B-45EA-86B7-7EFD90922AB6} = {910E61A1-97E6-47D0-AFCA-6963A18D8C32}
		{949EF691-86FF-444A-AAB8-F771B0735BCA} = {910E61A1-97E6-47D0-AFCA-6963A18D8C32}
		{27653601-FB75-43D4-A336-9AB6A563D52A} = {910E61A1-97E6-47D0-AFCA-6963A18D8C32}
		{58E635A2-CF5B-4FCE-874A-8EE1FD0D7219} = {203A6D86-4F8D-4BCD-9776-DA70137B8FF6}
	EndGlobalSection
EndGlobal
