
Microsoft Visual Studio Solution File, Format Version 11.00
# Visual Studio 2010
Project("{FAE04EC0-301F-11D3-BF4B-00C04F79EFBC}") = "Cashier", "Cashier\Cashier.csproj", "{8E5EAA99-7745-493A-8F08-0FDE24198E73}"
EndProject
Project("{FAE04EC0-301F-11D3-BF4B-00C04F79EFBC}") = "TMControl", "TMControl\TMControl.csproj", "{94F1B013-6E02-4F37-8C55-1F2945A2F392}"
EndProject
Global
	GlobalSection(SolutionConfigurationPlatforms) = preSolution
		Debug|Any CPU = Debug|Any CPU
		Debug|Mixed Platforms = Debug|Mixed Platforms
		Debug|x86 = Debug|x86
		Release|Any CPU = Release|Any CPU
		Release|Mixed Platforms = Release|Mixed Platforms
		Release|x86 = Release|x86
	EndGlobalSection
	GlobalSection(ProjectConfigurationPlatforms) = postSolution
		{8E5EAA99-7745-493A-8F08-0FDE24198E73}.Debug|Any CPU.ActiveCfg = Debug|x86
		{8E5EAA99-7745-493A-8F08-0FDE24198E73}.Debug|Mixed Platforms.ActiveCfg = Debug|x86
		{8E5EAA99-7745-493A-8F08-0FDE24198E73}.Debug|Mixed Platforms.Build.0 = Debug|x86
		{8E5EAA99-7745-493A-8F08-0FDE24198E73}.Debug|x86.ActiveCfg = Debug|x86
		{8E5EAA99-7745-493A-8F08-0FDE24198E73}.Debug|x86.Build.0 = Debug|x86
		{8E5EAA99-7745-493A-8F08-0FDE24198E73}.Release|Any CPU.ActiveCfg = Release|x86
		{8E5EAA99-7745-493A-8F08-0FDE24198E73}.Release|Mixed Platforms.ActiveCfg = Release|x86
		{8E5EAA99-7745-493A-8F08-0FDE24198E73}.Release|Mixed Platforms.Build.0 = Release|x86
		{8E5EAA99-7745-493A-8F08-0FDE24198E73}.Release|x86.ActiveCfg = Release|x86
		{8E5EAA99-7745-493A-8F08-0FDE24198E73}.Release|x86.Build.0 = Release|x86
		{94F1B013-6E02-4F37-8C55-1F2945A2F392}.Debug|Any CPU.ActiveCfg = Debug|Any CPU
		{94F1B013-6E02-4F37-8C55-1F2945A2F392}.Debug|Any CPU.Build.0 = Debug|Any CPU
		{94F1B013-6E02-4F37-8C55-1F2945A2F392}.Debug|Mixed Platforms.ActiveCfg = Debug|Any CPU
		{94F1B013-6E02-4F37-8C55-1F2945A2F392}.Debug|Mixed Platforms.Build.0 = Debug|Any CPU
		{94F1B013-6E02-4F37-8C55-1F2945A2F392}.Debug|x86.ActiveCfg = Debug|Any CPU
		{94F1B013-6E02-4F37-8C55-1F2945A2F392}.Release|Any CPU.ActiveCfg = Release|Any CPU
		{94F1B013-6E02-4F37-8C55-1F2945A2F392}.Release|Any CPU.Build.0 = Release|Any CPU
		{94F1B013-6E02-4F37-8C55-1F2945A2F392}.Release|Mixed Platforms.ActiveCfg = Release|Any CPU
		{94F1B013-6E02-4F37-8C55-1F2945A2F392}.Release|Mixed Platforms.Build.0 = Release|Any CPU
		{94F1B013-6E02-4F37-8C55-1F2945A2F392}.Release|x86.ActiveCfg = Release|Any CPU
	EndGlobalSection
	GlobalSection(SolutionProperties) = preSolution
		HideSolutionNode = FALSE
	EndGlobalSection
EndGlobal
