
Microsoft Visual Studio Solution File, Format Version 12.00
# Visual Studio 2012
Project("{2150E333-8FDC-42A3-9474-1A3956D46DE8}") = "1.Presentation", "1.Presentation", "{E91A0B9B-4E06-41CA-832B-81A87F7DC682}"
EndProject
Project("{2150E333-8FDC-42A3-9474-1A3956D46DE8}") = "2.Service", "2.Service", "{E5C9EA4B-0EAD-446E-A08D-EACC95EA3F2C}"
EndProject
Project("{2150E333-8FDC-42A3-9474-1A3956D46DE8}") = "3.Business", "3.Business", "{FB2F22B8-6284-48B2-B2BC-17D85F454AEC}"
EndProject
Project("{2150E333-8FDC-42A3-9474-1A3956D46DE8}") = "4.Data Access", "4.Data Access", "{31BB141E-23FA-446A-8DA9-EB30EA55978D}"
EndProject
Project("{2150E333-8FDC-42A3-9474-1A3956D46DE8}") = "6.Core", "6.Core", "{8C5BFCAC-400B-4367-B53E-21A9C51E40F8}"
EndProject
Project("{FAE04EC0-301F-11D3-BF4B-00C04F79EFBC}") = "Core.Data", "Core.Data\Core.Data.csproj", "{8A79B55E-F8FD-4806-A2D4-3B7F138E2662}"
EndProject
Project("{FAE04EC0-301F-11D3-BF4B-00C04F79EFBC}") = "Core.Data.NHibernate", "Core.Data.NHibernate\Core.Data.NHibernate.csproj", "{E783C285-666B-4025-9CE5-AF5296AC658B}"
EndProject
Project("{2150E333-8FDC-42A3-9474-1A3956D46DE8}") = ".nuget", ".nuget", "{765BF856-C92A-4B0A-AA28-F3657842BF22}"
	ProjectSection(SolutionItems) = preProject
		.nuget\NuGet.Config = .nuget\NuGet.Config
		.nuget\NuGet.exe = .nuget\NuGet.exe
		.nuget\NuGet.targets = .nuget\NuGet.targets
	EndProjectSection
EndProject
Project("{2150E333-8FDC-42A3-9474-1A3956D46DE8}") = "5.Common", "5.Common", "{8B6EC62C-8E43-4967-B155-A60AB42A1FFC}"
EndProject
Project("{FAE04EC0-301F-11D3-BF4B-00C04F79EFBC}") = "SMS.Data", "SMS.Data\SMS.Data.csproj", "{FEEE297F-5CD9-4E98-A515-17B5FCF9BED9}"
EndProject
Project("{FAE04EC0-301F-11D3-BF4B-00C04F79EFBC}") = "SMS.Data.Impl", "SMS.Data.Impl\SMS.Data.Impl.csproj", "{19ED682C-F7D9-4935-9FAE-3A761B97586C}"
EndProject
Project("{FAE04EC0-301F-11D3-BF4B-00C04F79EFBC}") = "SMS.Data.Entities", "SMS.Data.Entities\SMS.Data.Entities.csproj", "{4D5C44C9-7B29-47C5-940F-81063CB328E8}"
EndProject
Project("{FAE04EC0-301F-11D3-BF4B-00C04F79EFBC}") = "SMS.Data.Mapping", "SMS.Data.Mapping\SMS.Data.Mapping.csproj", "{2A129BB5-FAC5-4C86-BB27-FEE765537074}"
EndProject
Project("{FAE04EC0-301F-11D3-BF4B-00C04F79EFBC}") = "SMS.Business", "SMS.Business\SMS.Business.csproj", "{18F49F86-DFC7-4DCF-93B9-F395FE4CB2C7}"
EndProject
Project("{FAE04EC0-301F-11D3-BF4B-00C04F79EFBC}") = "SMS.Business.Impl", "SMS.Business.Impl\SMS.Business.Impl.csproj", "{FE6287B0-81EB-4CB6-BC86-9A3DA2EF5205}"
EndProject
Project("{FAE04EC0-301F-11D3-BF4B-00C04F79EFBC}") = "SMS.Services", "SMS.Services\SMS.Services.csproj", "{6B63644B-9992-48AD-928E-F28370F49DED}"
EndProject
Project("{FAE04EC0-301F-11D3-BF4B-00C04F79EFBC}") = "SMS.Services.Impl", "SMS.Services.Impl\SMS.Services.Impl.csproj", "{A8181E24-D988-457D-8F2F-5C0CC67E54F9}"
EndProject
Project("{FAE04EC0-301F-11D3-BF4B-00C04F79EFBC}") = "Core.Common", "Core.Common\Core.Common.csproj", "{5FB61BB1-1FB0-44BA-BD89-C99C4B5A810F}"
EndProject
Project("{FAE04EC0-301F-11D3-BF4B-00C04F79EFBC}") = "SMS.Data.Dtos", "SMS.Data.Dtos\SMS.Data.Dtos.csproj", "{5CEB37D5-C07F-4D8C-AB5D-41830A54FFEF}"
EndProject
Project("{FAE04EC0-301F-11D3-BF4B-00C04F79EFBC}") = "SMS.Common.AutoMapper", "SMS.Common.AutoMapper\SMS.Common.AutoMapper.csproj", "{3B197297-E5E8-4EE5-AF48-A70EEF1B473D}"
EndProject
Project("{FAE04EC0-301F-11D3-BF4B-00C04F79EFBC}") = "SMS.Common", "SMS.Common\SMS.Common.csproj", "{4AD90788-2D30-4E3F-9BFF-20F4568E082F}"
EndProject
Project("{FAE04EC0-301F-11D3-BF4B-00C04F79EFBC}") = "SMS.MvcApplication", "SMS.MvcApplication\SMS.MvcApplication.csproj", "{ABEE4847-3841-4C7C-948F-F705CA98578C}"
EndProject
Global
	GlobalSection(SubversionScc) = preSolution
		Svn-Managed = True
		Manager = AnkhSVN - Subversion Support for Visual Studio
	EndGlobalSection
	GlobalSection(SolutionConfigurationPlatforms) = preSolution
		Debug|Any CPU = Debug|Any CPU
		Release|Any CPU = Release|Any CPU
	EndGlobalSection
	GlobalSection(ProjectConfigurationPlatforms) = postSolution
		{8A79B55E-F8FD-4806-A2D4-3B7F138E2662}.Debug|Any CPU.ActiveCfg = Debug|Any CPU
		{8A79B55E-F8FD-4806-A2D4-3B7F138E2662}.Debug|Any CPU.Build.0 = Debug|Any CPU
		{8A79B55E-F8FD-4806-A2D4-3B7F138E2662}.Release|Any CPU.ActiveCfg = Release|Any CPU
		{8A79B55E-F8FD-4806-A2D4-3B7F138E2662}.Release|Any CPU.Build.0 = Release|Any CPU
		{E783C285-666B-4025-9CE5-AF5296AC658B}.Debug|Any CPU.ActiveCfg = Debug|Any CPU
		{E783C285-666B-4025-9CE5-AF5296AC658B}.Debug|Any CPU.Build.0 = Debug|Any CPU
		{E783C285-666B-4025-9CE5-AF5296AC658B}.Release|Any CPU.ActiveCfg = Release|Any CPU
		{E783C285-666B-4025-9CE5-AF5296AC658B}.Release|Any CPU.Build.0 = Release|Any CPU
		{FEEE297F-5CD9-4E98-A515-17B5FCF9BED9}.Debug|Any CPU.ActiveCfg = Debug|Any CPU
		{FEEE297F-5CD9-4E98-A515-17B5FCF9BED9}.Debug|Any CPU.Build.0 = Debug|Any CPU
		{FEEE297F-5CD9-4E98-A515-17B5FCF9BED9}.Release|Any CPU.ActiveCfg = Release|Any CPU
		{FEEE297F-5CD9-4E98-A515-17B5FCF9BED9}.Release|Any CPU.Build.0 = Release|Any CPU
		{19ED682C-F7D9-4935-9FAE-3A761B97586C}.Debug|Any CPU.ActiveCfg = Debug|Any CPU
		{19ED682C-F7D9-4935-9FAE-3A761B97586C}.Debug|Any CPU.Build.0 = Debug|Any CPU
		{19ED682C-F7D9-4935-9FAE-3A761B97586C}.Release|Any CPU.ActiveCfg = Release|Any CPU
		{19ED682C-F7D9-4935-9FAE-3A761B97586C}.Release|Any CPU.Build.0 = Release|Any CPU
		{4D5C44C9-7B29-47C5-940F-81063CB328E8}.Debug|Any CPU.ActiveCfg = Debug|Any CPU
		{4D5C44C9-7B29-47C5-940F-81063CB328E8}.Debug|Any CPU.Build.0 = Debug|Any CPU
		{4D5C44C9-7B29-47C5-940F-81063CB328E8}.Release|Any CPU.ActiveCfg = Release|Any CPU
		{4D5C44C9-7B29-47C5-940F-81063CB328E8}.Release|Any CPU.Build.0 = Release|Any CPU
		{2A129BB5-FAC5-4C86-BB27-FEE765537074}.Debug|Any CPU.ActiveCfg = Debug|Any CPU
		{2A129BB5-FAC5-4C86-BB27-FEE765537074}.Debug|Any CPU.Build.0 = Debug|Any CPU
		{2A129BB5-FAC5-4C86-BB27-FEE765537074}.Release|Any CPU.ActiveCfg = Release|Any CPU
		{2A129BB5-FAC5-4C86-BB27-FEE765537074}.Release|Any CPU.Build.0 = Release|Any CPU
		{18F49F86-DFC7-4DCF-93B9-F395FE4CB2C7}.Debug|Any CPU.ActiveCfg = Debug|Any CPU
		{18F49F86-DFC7-4DCF-93B9-F395FE4CB2C7}.Debug|Any CPU.Build.0 = Debug|Any CPU
		{18F49F86-DFC7-4DCF-93B9-F395FE4CB2C7}.Release|Any CPU.ActiveCfg = Release|Any CPU
		{18F49F86-DFC7-4DCF-93B9-F395FE4CB2C7}.Release|Any CPU.Build.0 = Release|Any CPU
		{FE6287B0-81EB-4CB6-BC86-9A3DA2EF5205}.Debug|Any CPU.ActiveCfg = Debug|Any CPU
		{FE6287B0-81EB-4CB6-BC86-9A3DA2EF5205}.Debug|Any CPU.Build.0 = Debug|Any CPU
		{FE6287B0-81EB-4CB6-BC86-9A3DA2EF5205}.Release|Any CPU.ActiveCfg = Release|Any CPU
		{FE6287B0-81EB-4CB6-BC86-9A3DA2EF5205}.Release|Any CPU.Build.0 = Release|Any CPU
		{6B63644B-9992-48AD-928E-F28370F49DED}.Debug|Any CPU.ActiveCfg = Debug|Any CPU
		{6B63644B-9992-48AD-928E-F28370F49DED}.Debug|Any CPU.Build.0 = Debug|Any CPU
		{6B63644B-9992-48AD-928E-F28370F49DED}.Release|Any CPU.ActiveCfg = Release|Any CPU
		{6B63644B-9992-48AD-928E-F28370F49DED}.Release|Any CPU.Build.0 = Release|Any CPU
		{A8181E24-D988-457D-8F2F-5C0CC67E54F9}.Debug|Any CPU.ActiveCfg = Debug|Any CPU
		{A8181E24-D988-457D-8F2F-5C0CC67E54F9}.Debug|Any CPU.Build.0 = Debug|Any CPU
		{A8181E24-D988-457D-8F2F-5C0CC67E54F9}.Release|Any CPU.ActiveCfg = Release|Any CPU
		{A8181E24-D988-457D-8F2F-5C0CC67E54F9}.Release|Any CPU.Build.0 = Release|Any CPU
		{5FB61BB1-1FB0-44BA-BD89-C99C4B5A810F}.Debug|Any CPU.ActiveCfg = Debug|Any CPU
		{5FB61BB1-1FB0-44BA-BD89-C99C4B5A810F}.Debug|Any CPU.Build.0 = Debug|Any CPU
		{5FB61BB1-1FB0-44BA-BD89-C99C4B5A810F}.Release|Any CPU.ActiveCfg = Release|Any CPU
		{5FB61BB1-1FB0-44BA-BD89-C99C4B5A810F}.Release|Any CPU.Build.0 = Release|Any CPU
		{5CEB37D5-C07F-4D8C-AB5D-41830A54FFEF}.Debug|Any CPU.ActiveCfg = Debug|Any CPU
		{5CEB37D5-C07F-4D8C-AB5D-41830A54FFEF}.Debug|Any CPU.Build.0 = Debug|Any CPU
		{5CEB37D5-C07F-4D8C-AB5D-41830A54FFEF}.Release|Any CPU.ActiveCfg = Release|Any CPU
		{5CEB37D5-C07F-4D8C-AB5D-41830A54FFEF}.Release|Any CPU.Build.0 = Release|Any CPU
		{3B197297-E5E8-4EE5-AF48-A70EEF1B473D}.Debug|Any CPU.ActiveCfg = Debug|Any CPU
		{3B197297-E5E8-4EE5-AF48-A70EEF1B473D}.Debug|Any CPU.Build.0 = Debug|Any CPU
		{3B197297-E5E8-4EE5-AF48-A70EEF1B473D}.Release|Any CPU.ActiveCfg = Release|Any CPU
		{3B197297-E5E8-4EE5-AF48-A70EEF1B473D}.Release|Any CPU.Build.0 = Release|Any CPU
		{4AD90788-2D30-4E3F-9BFF-20F4568E082F}.Debug|Any CPU.ActiveCfg = Debug|Any CPU
		{4AD90788-2D30-4E3F-9BFF-20F4568E082F}.Debug|Any CPU.Build.0 = Debug|Any CPU
		{4AD90788-2D30-4E3F-9BFF-20F4568E082F}.Release|Any CPU.ActiveCfg = Release|Any CPU
		{4AD90788-2D30-4E3F-9BFF-20F4568E082F}.Release|Any CPU.Build.0 = Release|Any CPU
		{ABEE4847-3841-4C7C-948F-F705CA98578C}.Debug|Any CPU.ActiveCfg = Debug|Any CPU
		{ABEE4847-3841-4C7C-948F-F705CA98578C}.Debug|Any CPU.Build.0 = Debug|Any CPU
		{ABEE4847-3841-4C7C-948F-F705CA98578C}.Release|Any CPU.ActiveCfg = Release|Any CPU
		{ABEE4847-3841-4C7C-948F-F705CA98578C}.Release|Any CPU.Build.0 = Release|Any CPU
	EndGlobalSection
	GlobalSection(SolutionProperties) = preSolution
		HideSolutionNode = FALSE
	EndGlobalSection
	GlobalSection(NestedProjects) = preSolution
		{ABEE4847-3841-4C7C-948F-F705CA98578C} = {E91A0B9B-4E06-41CA-832B-81A87F7DC682}
		{6B63644B-9992-48AD-928E-F28370F49DED} = {E5C9EA4B-0EAD-446E-A08D-EACC95EA3F2C}
		{A8181E24-D988-457D-8F2F-5C0CC67E54F9} = {E5C9EA4B-0EAD-446E-A08D-EACC95EA3F2C}
		{18F49F86-DFC7-4DCF-93B9-F395FE4CB2C7} = {FB2F22B8-6284-48B2-B2BC-17D85F454AEC}
		{FE6287B0-81EB-4CB6-BC86-9A3DA2EF5205} = {FB2F22B8-6284-48B2-B2BC-17D85F454AEC}
		{FEEE297F-5CD9-4E98-A515-17B5FCF9BED9} = {31BB141E-23FA-446A-8DA9-EB30EA55978D}
		{19ED682C-F7D9-4935-9FAE-3A761B97586C} = {31BB141E-23FA-446A-8DA9-EB30EA55978D}
		{2A129BB5-FAC5-4C86-BB27-FEE765537074} = {31BB141E-23FA-446A-8DA9-EB30EA55978D}
		{8A79B55E-F8FD-4806-A2D4-3B7F138E2662} = {8C5BFCAC-400B-4367-B53E-21A9C51E40F8}
		{E783C285-666B-4025-9CE5-AF5296AC658B} = {8C5BFCAC-400B-4367-B53E-21A9C51E40F8}
		{5FB61BB1-1FB0-44BA-BD89-C99C4B5A810F} = {8C5BFCAC-400B-4367-B53E-21A9C51E40F8}
		{4D5C44C9-7B29-47C5-940F-81063CB328E8} = {8B6EC62C-8E43-4967-B155-A60AB42A1FFC}
		{5CEB37D5-C07F-4D8C-AB5D-41830A54FFEF} = {8B6EC62C-8E43-4967-B155-A60AB42A1FFC}
		{3B197297-E5E8-4EE5-AF48-A70EEF1B473D} = {8B6EC62C-8E43-4967-B155-A60AB42A1FFC}
		{4AD90788-2D30-4E3F-9BFF-20F4568E082F} = {8B6EC62C-8E43-4967-B155-A60AB42A1FFC}
	EndGlobalSection
EndGlobal
