
Microsoft Visual Studio Solution File, Format Version 10.00
# Visual Studio 2008
Project("{FAE04EC0-301F-11D3-BF4B-00C04F79EFBC}") = "BatDongSan", "BatDongSan\BatDongSan.csproj", "{F8FC4A00-B17B-4A0A-814F-E0EC907AFECA}"
EndProject
Global
	GlobalSection(SolutionConfigurationPlatforms) = preSolution
		Debug|Any CPU = Debug|Any CPU
		Release|Any CPU = Release|Any CPU
	EndGlobalSection
	GlobalSection(ProjectConfigurationPlatforms) = postSolution
		{F8FC4A00-B17B-4A0A-814F-E0EC907AFECA}.Debug|Any CPU.ActiveCfg = Debug|Any CPU
		{F8FC4A00-B17B-4A0A-814F-E0EC907AFECA}.Debug|Any CPU.Build.0 = Debug|Any CPU
		{F8FC4A00-B17B-4A0A-814F-E0EC907AFECA}.Release|Any CPU.ActiveCfg = Release|Any CPU
		{F8FC4A00-B17B-4A0A-814F-E0EC907AFECA}.Release|Any CPU.Build.0 = Release|Any CPU
	EndGlobalSection
	GlobalSection(SolutionProperties) = preSolution
		HideSolutionNode = FALSE
	EndGlobalSection
EndGlobal
