
Microsoft Visual Studio Solution File, Format Version 12.00
# Visual Studio 2012
Project("{FAE04EC0-301F-11D3-BF4B-00C04F79EFBC}") = "RMS", "RMS\RMS.csproj", "{63E80A7B-CB4E-40CC-8025-B9EF1A749380}"
EndProject
Project("{FAE04EC0-301F-11D3-BF4B-00C04F79EFBC}") = "TM.Utilities", "TM.Utilities\TM.Utilities.csproj", "{3FDC8A45-6341-4D27-B589-85B54B8D1279}"
EndProject
Global
	GlobalSection(SubversionScc) = preSolution
		Svn-Managed = True
		Manager = AnkhSVN - Subversion Support for Visual Studio
	EndGlobalSection
	GlobalSection(SolutionConfigurationPlatforms) = preSolution
		Debug|Any CPU = Debug|Any CPU
		Release|Any CPU = Release|Any CPU
	EndGlobalSection
	GlobalSection(ProjectConfigurationPlatforms) = postSolution
		{63E80A7B-CB4E-40CC-8025-B9EF1A749380}.Debug|Any CPU.ActiveCfg = Debug|Any CPU
		{63E80A7B-CB4E-40CC-8025-B9EF1A749380}.Debug|Any CPU.Build.0 = Debug|Any CPU
		{63E80A7B-CB4E-40CC-8025-B9EF1A749380}.Release|Any CPU.ActiveCfg = Release|Any CPU
		{63E80A7B-CB4E-40CC-8025-B9EF1A749380}.Release|Any CPU.Build.0 = Release|Any CPU
		{3FDC8A45-6341-4D27-B589-85B54B8D1279}.Debug|Any CPU.ActiveCfg = Debug|Any CPU
		{3FDC8A45-6341-4D27-B589-85B54B8D1279}.Debug|Any CPU.Build.0 = Debug|Any CPU
		{3FDC8A45-6341-4D27-B589-85B54B8D1279}.Release|Any CPU.ActiveCfg = Release|Any CPU
		{3FDC8A45-6341-4D27-B589-85B54B8D1279}.Release|Any CPU.Build.0 = Release|Any CPU
	EndGlobalSection
	GlobalSection(SolutionProperties) = preSolution
		HideSolutionNode = FALSE
	EndGlobalSection
EndGlobal
