
Microsoft Visual Studio Solution File, Format Version 12.00
# Visual Studio 2012
Project("{FAE04EC0-301F-11D3-BF4B-00C04F79EFBC}") = "FMS", "FMS\FMS.csproj", "{58449F44-C441-4AAD-A672-16427CE3BE4A}"
EndProject
Project("{2150E333-8FDC-42A3-9474-1A3956D46DE8}") = "1.Presentation", "1.Presentation", "{C5232A3B-FF20-453C-8D16-6EB11FAA6A91}"
EndProject
Project("{2150E333-8FDC-42A3-9474-1A3956D46DE8}") = "2.Service", "2.Service", "{8251D9FF-D97B-4339-833A-D37A7F26BEC2}"
EndProject
Project("{2150E333-8FDC-42A3-9474-1A3956D46DE8}") = "3.Business", "3.Business", "{19B8BAA1-EBA0-48C6-B9DF-2B3AD82C9DBB}"
EndProject
Project("{2150E333-8FDC-42A3-9474-1A3956D46DE8}") = "4.Data Access", "4.Data Access", "{E599ED79-080F-4EBF-AAE3-C3A3FE0933A7}"
EndProject
Project("{2150E333-8FDC-42A3-9474-1A3956D46DE8}") = "5.Common", "5.Common", "{D452C7FF-8979-45F9-B148-6D75A7ABEFC2}"
EndProject
Project("{FAE04EC0-301F-11D3-BF4B-00C04F79EFBC}") = "FMS.AppService.Impl", "FMS.AppService.Impl\FMS.AppService.Impl.csproj", "{DD80E0BD-D19E-4185-A3AE-F6114954B98C}"
EndProject
Project("{FAE04EC0-301F-11D3-BF4B-00C04F79EFBC}") = "FMS.AppService", "FMS.AppService\FMS.AppService.csproj", "{7B634FA5-559E-4F20-8F32-518119F4D545}"
EndProject
Project("{FAE04EC0-301F-11D3-BF4B-00C04F79EFBC}") = "FMS.Business", "FMS.Business\FMS.Business.csproj", "{B55A05ED-9D08-49B1-8D62-3B958B437375}"
EndProject
Project("{FAE04EC0-301F-11D3-BF4B-00C04F79EFBC}") = "FMS.Business.Impl", "FMS.Business.Impl\FMS.Business.Impl.csproj", "{F788BA3B-64DE-41DF-A9D6-1727863C4779}"
EndProject
Project("{FAE04EC0-301F-11D3-BF4B-00C04F79EFBC}") = "FMS.Data", "FMS.Data\FMS.Data.csproj", "{C8616A9F-AD2B-4DCF-85F8-F108262702C8}"
EndProject
Project("{FAE04EC0-301F-11D3-BF4B-00C04F79EFBC}") = "FMS.Data.Impl", "FMS.Data.Impl\FMS.Data.Impl.csproj", "{063A7CF4-8F35-4AC4-BD89-662B8CCBEF17}"
EndProject
Project("{2150E333-8FDC-42A3-9474-1A3956D46DE8}") = "6.Core", "6.Core", "{791E9A80-85BC-4B1E-B840-86BFE4E04CD6}"
EndProject
Project("{FAE04EC0-301F-11D3-BF4B-00C04F79EFBC}") = "Core.Data", "Core.Data\Core.Data.csproj", "{22507957-E645-4D4E-BB33-6AA375B21E14}"
EndProject
Project("{FAE04EC0-301F-11D3-BF4B-00C04F79EFBC}") = "Core.Data.NHibernate", "Core.Data.NHibernate\Core.Data.NHibernate.csproj", "{FDB3333F-A3B9-4282-BCB7-FEF21466ECF0}"
EndProject
Project("{FAE04EC0-301F-11D3-BF4B-00C04F79EFBC}") = "FMS.Entities", "FMS.Entities\FMS.Entities.csproj", "{464964F9-D1BE-4FF8-9117-124D023A2AD4}"
EndProject
Project("{FAE04EC0-301F-11D3-BF4B-00C04F79EFBC}") = "FMS.Dtos", "FMS.Dtos\FMS.Dtos.csproj", "{5F16C77F-3573-4352-AF61-D2A7BC3F0CEA}"
EndProject
Project("{FAE04EC0-301F-11D3-BF4B-00C04F79EFBC}") = "FMS.Data.Mapping", "FMS.Data.Mapping\FMS.Data.Mapping.csproj", "{3A894A2A-734E-4DD4-8100-1A7857F2A219}"
EndProject
Project("{2150E333-8FDC-42A3-9474-1A3956D46DE8}") = ".nuget", ".nuget", "{1F8600D2-07BF-4EC7-BDFD-B1B10E031CF9}"
	ProjectSection(SolutionItems) = preProject
		.nuget\NuGet.Config = .nuget\NuGet.Config
		.nuget\NuGet.exe = .nuget\NuGet.exe
		.nuget\NuGet.targets = .nuget\NuGet.targets
	EndProjectSection
EndProject
Project("{FAE04EC0-301F-11D3-BF4B-00C04F79EFBC}") = "FMS.Autofac", "FMS.Autofac\FMS.Autofac.csproj", "{5497C342-FDAB-45FA-AA77-91F24034AD0F}"
EndProject
Global
	GlobalSection(SubversionScc) = preSolution
		Svn-Managed = True
		Manager = AnkhSVN - Subversion Support for Visual Studio
	EndGlobalSection
	GlobalSection(SolutionConfigurationPlatforms) = preSolution
		Debug|Any CPU = Debug|Any CPU
		Release|Any CPU = Release|Any CPU
	EndGlobalSection
	GlobalSection(ProjectConfigurationPlatforms) = postSolution
		{58449F44-C441-4AAD-A672-16427CE3BE4A}.Debug|Any CPU.ActiveCfg = Debug|Any CPU
		{58449F44-C441-4AAD-A672-16427CE3BE4A}.Debug|Any CPU.Build.0 = Debug|Any CPU
		{58449F44-C441-4AAD-A672-16427CE3BE4A}.Release|Any CPU.ActiveCfg = Release|Any CPU
		{58449F44-C441-4AAD-A672-16427CE3BE4A}.Release|Any CPU.Build.0 = Release|Any CPU
		{DD80E0BD-D19E-4185-A3AE-F6114954B98C}.Debug|Any CPU.ActiveCfg = Debug|Any CPU
		{DD80E0BD-D19E-4185-A3AE-F6114954B98C}.Debug|Any CPU.Build.0 = Debug|Any CPU
		{DD80E0BD-D19E-4185-A3AE-F6114954B98C}.Release|Any CPU.ActiveCfg = Release|Any CPU
		{DD80E0BD-D19E-4185-A3AE-F6114954B98C}.Release|Any CPU.Build.0 = Release|Any CPU
		{7B634FA5-559E-4F20-8F32-518119F4D545}.Debug|Any CPU.ActiveCfg = Debug|Any CPU
		{7B634FA5-559E-4F20-8F32-518119F4D545}.Debug|Any CPU.Build.0 = Debug|Any CPU
		{7B634FA5-559E-4F20-8F32-518119F4D545}.Release|Any CPU.ActiveCfg = Release|Any CPU
		{7B634FA5-559E-4F20-8F32-518119F4D545}.Release|Any CPU.Build.0 = Release|Any CPU
		{B55A05ED-9D08-49B1-8D62-3B958B437375}.Debug|Any CPU.ActiveCfg = Debug|Any CPU
		{B55A05ED-9D08-49B1-8D62-3B958B437375}.Debug|Any CPU.Build.0 = Debug|Any CPU
		{B55A05ED-9D08-49B1-8D62-3B958B437375}.Release|Any CPU.ActiveCfg = Release|Any CPU
		{B55A05ED-9D08-49B1-8D62-3B958B437375}.Release|Any CPU.Build.0 = Release|Any CPU
		{F788BA3B-64DE-41DF-A9D6-1727863C4779}.Debug|Any CPU.ActiveCfg = Debug|Any CPU
		{F788BA3B-64DE-41DF-A9D6-1727863C4779}.Debug|Any CPU.Build.0 = Debug|Any CPU
		{F788BA3B-64DE-41DF-A9D6-1727863C4779}.Release|Any CPU.ActiveCfg = Release|Any CPU
		{F788BA3B-64DE-41DF-A9D6-1727863C4779}.Release|Any CPU.Build.0 = Release|Any CPU
		{C8616A9F-AD2B-4DCF-85F8-F108262702C8}.Debug|Any CPU.ActiveCfg = Debug|Any CPU
		{C8616A9F-AD2B-4DCF-85F8-F108262702C8}.Debug|Any CPU.Build.0 = Debug|Any CPU
		{C8616A9F-AD2B-4DCF-85F8-F108262702C8}.Release|Any CPU.ActiveCfg = Release|Any CPU
		{C8616A9F-AD2B-4DCF-85F8-F108262702C8}.Release|Any CPU.Build.0 = Release|Any CPU
		{063A7CF4-8F35-4AC4-BD89-662B8CCBEF17}.Debug|Any CPU.ActiveCfg = Debug|Any CPU
		{063A7CF4-8F35-4AC4-BD89-662B8CCBEF17}.Debug|Any CPU.Build.0 = Debug|Any CPU
		{063A7CF4-8F35-4AC4-BD89-662B8CCBEF17}.Release|Any CPU.ActiveCfg = Release|Any CPU
		{063A7CF4-8F35-4AC4-BD89-662B8CCBEF17}.Release|Any CPU.Build.0 = Release|Any CPU
		{22507957-E645-4D4E-BB33-6AA375B21E14}.Debug|Any CPU.ActiveCfg = Debug|Any CPU
		{22507957-E645-4D4E-BB33-6AA375B21E14}.Debug|Any CPU.Build.0 = Debug|Any CPU
		{22507957-E645-4D4E-BB33-6AA375B21E14}.Release|Any CPU.ActiveCfg = Release|Any CPU
		{22507957-E645-4D4E-BB33-6AA375B21E14}.Release|Any CPU.Build.0 = Release|Any CPU
		{FDB3333F-A3B9-4282-BCB7-FEF21466ECF0}.Debug|Any CPU.ActiveCfg = Debug|Any CPU
		{FDB3333F-A3B9-4282-BCB7-FEF21466ECF0}.Debug|Any CPU.Build.0 = Debug|Any CPU
		{FDB3333F-A3B9-4282-BCB7-FEF21466ECF0}.Release|Any CPU.ActiveCfg = Release|Any CPU
		{FDB3333F-A3B9-4282-BCB7-FEF21466ECF0}.Release|Any CPU.Build.0 = Release|Any CPU
		{464964F9-D1BE-4FF8-9117-124D023A2AD4}.Debug|Any CPU.ActiveCfg = Debug|Any CPU
		{464964F9-D1BE-4FF8-9117-124D023A2AD4}.Debug|Any CPU.Build.0 = Debug|Any CPU
		{464964F9-D1BE-4FF8-9117-124D023A2AD4}.Release|Any CPU.ActiveCfg = Release|Any CPU
		{464964F9-D1BE-4FF8-9117-124D023A2AD4}.Release|Any CPU.Build.0 = Release|Any CPU
		{5F16C77F-3573-4352-AF61-D2A7BC3F0CEA}.Debug|Any CPU.ActiveCfg = Debug|Any CPU
		{5F16C77F-3573-4352-AF61-D2A7BC3F0CEA}.Debug|Any CPU.Build.0 = Debug|Any CPU
		{5F16C77F-3573-4352-AF61-D2A7BC3F0CEA}.Release|Any CPU.ActiveCfg = Release|Any CPU
		{5F16C77F-3573-4352-AF61-D2A7BC3F0CEA}.Release|Any CPU.Build.0 = Release|Any CPU
		{3A894A2A-734E-4DD4-8100-1A7857F2A219}.Debug|Any CPU.ActiveCfg = Debug|Any CPU
		{3A894A2A-734E-4DD4-8100-1A7857F2A219}.Debug|Any CPU.Build.0 = Debug|Any CPU
		{3A894A2A-734E-4DD4-8100-1A7857F2A219}.Release|Any CPU.ActiveCfg = Release|Any CPU
		{3A894A2A-734E-4DD4-8100-1A7857F2A219}.Release|Any CPU.Build.0 = Release|Any CPU
		{5497C342-FDAB-45FA-AA77-91F24034AD0F}.Debug|Any CPU.ActiveCfg = Debug|Any CPU
		{5497C342-FDAB-45FA-AA77-91F24034AD0F}.Debug|Any CPU.Build.0 = Debug|Any CPU
		{5497C342-FDAB-45FA-AA77-91F24034AD0F}.Release|Any CPU.ActiveCfg = Release|Any CPU
		{5497C342-FDAB-45FA-AA77-91F24034AD0F}.Release|Any CPU.Build.0 = Release|Any CPU
	EndGlobalSection
	GlobalSection(SolutionProperties) = preSolution
		HideSolutionNode = FALSE
	EndGlobalSection
	GlobalSection(NestedProjects) = preSolution
		{58449F44-C441-4AAD-A672-16427CE3BE4A} = {C5232A3B-FF20-453C-8D16-6EB11FAA6A91}
		{DD80E0BD-D19E-4185-A3AE-F6114954B98C} = {8251D9FF-D97B-4339-833A-D37A7F26BEC2}
		{7B634FA5-559E-4F20-8F32-518119F4D545} = {8251D9FF-D97B-4339-833A-D37A7F26BEC2}
		{B55A05ED-9D08-49B1-8D62-3B958B437375} = {19B8BAA1-EBA0-48C6-B9DF-2B3AD82C9DBB}
		{F788BA3B-64DE-41DF-A9D6-1727863C4779} = {19B8BAA1-EBA0-48C6-B9DF-2B3AD82C9DBB}
		{C8616A9F-AD2B-4DCF-85F8-F108262702C8} = {E599ED79-080F-4EBF-AAE3-C3A3FE0933A7}
		{063A7CF4-8F35-4AC4-BD89-662B8CCBEF17} = {E599ED79-080F-4EBF-AAE3-C3A3FE0933A7}
		{3A894A2A-734E-4DD4-8100-1A7857F2A219} = {E599ED79-080F-4EBF-AAE3-C3A3FE0933A7}
		{464964F9-D1BE-4FF8-9117-124D023A2AD4} = {D452C7FF-8979-45F9-B148-6D75A7ABEFC2}
		{5F16C77F-3573-4352-AF61-D2A7BC3F0CEA} = {D452C7FF-8979-45F9-B148-6D75A7ABEFC2}
		{22507957-E645-4D4E-BB33-6AA375B21E14} = {791E9A80-85BC-4B1E-B840-86BFE4E04CD6}
		{FDB3333F-A3B9-4282-BCB7-FEF21466ECF0} = {791E9A80-85BC-4B1E-B840-86BFE4E04CD6}
		{5497C342-FDAB-45FA-AA77-91F24034AD0F} = {791E9A80-85BC-4B1E-B840-86BFE4E04CD6}
	EndGlobalSection
EndGlobal
